
Microsoft Visual Studio Solution File, Format Version 12.00
# Visual Studio Version 16
VisualStudioVersion = 16.0.31729.503
MinimumVisualStudioVersion = 10.0.40219.1
Project("{FAE04EC0-301F-11D3-BF4B-00C04F79EFBC}") = "1_JsonSet", "1_JsonSet\1_JsonSet.csproj", "{21D61BDF-CE7B-4F73-9E86-4BDDC2995685}"
EndProject
Project("{FAE04EC0-301F-11D3-BF4B-00C04F79EFBC}") = "2_JsonGet", "2_JsonGet\2_JsonGet.csproj", "{55BBE900-6C39-4656-A4DF-6A7E03680767}"
EndProject
Project("{2150E333-8FDC-42A3-9474-1A3956D46DE8}") = "Solution Items", "Solution Items", "{572DF90C-A08F-431D-AE6E-BBDA448191CE}"
	ProjectSection(SolutionItems) = preProject
		ТЗ.txt = ТЗ.txt
	EndProjectSection
EndProject
Project("{FAE04EC0-301F-11D3-BF4B-00C04F79EFBC}") = "UserLibrarys", "Product\UserLibrarys.csproj", "{1D37302B-2DAF-49B8-B8CC-977E17F6B8F7}"
EndProject
Global
	GlobalSection(SolutionConfigurationPlatforms) = preSolution
		Debug|Any CPU = Debug|Any CPU
		Release|Any CPU = Release|Any CPU
	EndGlobalSection
	GlobalSection(ProjectConfigurationPlatforms) = postSolution
		{21D61BDF-CE7B-4F73-9E86-4BDDC2995685}.Debug|Any CPU.ActiveCfg = Debug|Any CPU
		{21D61BDF-CE7B-4F73-9E86-4BDDC2995685}.Debug|Any CPU.Build.0 = Debug|Any CPU
		{21D61BDF-CE7B-4F73-9E86-4BDDC2995685}.Release|Any CPU.ActiveCfg = Release|Any CPU
		{21D61BDF-CE7B-4F73-9E86-4BDDC2995685}.Release|Any CPU.Build.0 = Release|Any CPU
		{55BBE900-6C39-4656-A4DF-6A7E03680767}.Debug|Any CPU.ActiveCfg = Debug|Any CPU
		{55BBE900-6C39-4656-A4DF-6A7E03680767}.Debug|Any CPU.Build.0 = Debug|Any CPU
		{55BBE900-6C39-4656-A4DF-6A7E03680767}.Release|Any CPU.ActiveCfg = Release|Any CPU
		{55BBE900-6C39-4656-A4DF-6A7E03680767}.Release|Any CPU.Build.0 = Release|Any CPU
		{1D37302B-2DAF-49B8-B8CC-977E17F6B8F7}.Debug|Any CPU.ActiveCfg = Debug|Any CPU
		{1D37302B-2DAF-49B8-B8CC-977E17F6B8F7}.Debug|Any CPU.Build.0 = Debug|Any CPU
		{1D37302B-2DAF-49B8-B8CC-977E17F6B8F7}.Release|Any CPU.ActiveCfg = Release|Any CPU
		{1D37302B-2DAF-49B8-B8CC-977E17F6B8F7}.Release|Any CPU.Build.0 = Release|Any CPU
	EndGlobalSection
	GlobalSection(SolutionProperties) = preSolution
		HideSolutionNode = FALSE
	EndGlobalSection
	GlobalSection(ExtensibilityGlobals) = postSolution
		SolutionGuid = {B3E6C686-59FB-4568-BEFF-043A3F04CB0F}
	EndGlobalSection
EndGlobal
